
Microsoft Visual Studio Solution File, Format Version 12.00
# Visual Studio Version 16
VisualStudioVersion = 16.0.30804.86
MinimumVisualStudioVersion = 10.0.40219.1
Project("{FAE04EC0-301F-11D3-BF4B-00C04F79EFBC}") = "GitBuildVersioning", "GitBuildVersioning\GitBuildVersioning.csproj", "{566574F3-0FC7-4C7E-8346-A64065AA5520}"
EndProject
Project("{FAE04EC0-301F-11D3-BF4B-00C04F79EFBC}") = "GitBuildVersioning.NETCore", "GitBuildVersioning.NETCore\GitBuildVersioning.NETCore.csproj", "{3F465CD0-21A0-4D06-8330-BA1FBA97B640}"
EndProject
Global
	GlobalSection(SolutionConfigurationPlatforms) = preSolution
		Debug|Any CPU = Debug|Any CPU
		Release|Any CPU = Release|Any CPU
	EndGlobalSection
	GlobalSection(ProjectConfigurationPlatforms) = postSolution
		{566574F3-0FC7-4C7E-8346-A64065AA5520}.Debug|Any CPU.ActiveCfg = Debug|Any CPU
		{566574F3-0FC7-4C7E-8346-A64065AA5520}.Debug|Any CPU.Build.0 = Debug|Any CPU
		{566574F3-0FC7-4C7E-8346-A64065AA5520}.Release|Any CPU.ActiveCfg = Release|Any CPU
		{566574F3-0FC7-4C7E-8346-A64065AA5520}.Release|Any CPU.Build.0 = Release|Any CPU
		{3F465CD0-21A0-4D06-8330-BA1FBA97B640}.Debug|Any CPU.ActiveCfg = Debug|Any CPU
		{3F465CD0-21A0-4D06-8330-BA1FBA97B640}.Debug|Any CPU.Build.0 = Debug|Any CPU
		{3F465CD0-21A0-4D06-8330-BA1FBA97B640}.Release|Any CPU.ActiveCfg = Release|Any CPU
		{3F465CD0-21A0-4D06-8330-BA1FBA97B640}.Release|Any CPU.Build.0 = Release|Any CPU
	EndGlobalSection
	GlobalSection(SolutionProperties) = preSolution
		HideSolutionNode = FALSE
	EndGlobalSection
	GlobalSection(ExtensibilityGlobals) = postSolution
		SolutionGuid = {082E0C94-F098-4164-9E08-DBCB1DC5C214}
	EndGlobalSection
EndGlobal
